{
  "name": "single-view-ui-proto",
  "version": "0.1.0",
  "lockfileVersion": 1,
  "requires": true,
  "dependencies": {
    "@sentry/browser": {
      "version": "5.12.1",
      "resolved": "https://registry.npmjs.org/@sentry/browser/-/browser-5.12.1.tgz",
      "integrity": "sha512-Zl7VdppUxctyaoqMSEhnDJp2rrupx8n8N2n3PSooH74yhB2Z91nt84mouczprBsw3JU1iggGyUw9seRFzDI1hw==",
      "requires": {
        "@sentry/core": "5.12.0",
        "@sentry/types": "5.12.0",
        "@sentry/utils": "5.12.0",
        "tslib": "^1.9.3"
      }
    },
    "@sentry/core": {
      "version": "5.12.0",
      "resolved": "https://registry.npmjs.org/@sentry/core/-/core-5.12.0.tgz",
      "integrity": "sha512-wY4rsoX71QsGpcs9tF+OxKgDPKzIFMRvFiSRcJoPMfhFsTilQ/CBMn/c3bDtWQd9Bnr/ReQIL6NbnIjUsPHA4Q==",
      "requires": {
        "@sentry/hub": "5.12.0",
        "@sentry/minimal": "5.12.0",
        "@sentry/types": "5.12.0",
        "@sentry/utils": "5.12.0",
        "tslib": "^1.9.3"
      }
    },
    "@sentry/hub": {
      "version": "5.12.0",
      "resolved": "https://registry.npmjs.org/@sentry/hub/-/hub-5.12.0.tgz",
      "integrity": "sha512-3k7yE8BEVJsKx8mR4LcI4IN0O8pngmq44OcJ/fRUUBAPqsT38jsJdP2CaWhdlM1jiNUzUDB1ktBv6/lY+VgcoQ==",
      "requires": {
        "@sentry/types": "5.12.0",
        "@sentry/utils": "5.12.0",
        "tslib": "^1.9.3"
      }
    },
    "@sentry/minimal": {
      "version": "5.12.0",
      "resolved": "https://registry.npmjs.org/@sentry/minimal/-/minimal-5.12.0.tgz",
      "integrity": "sha512-fk73meyz4k4jCg9yzbma+WkggsfEIQWI2e2TWfYsRGcrV3RnlSrXyM4D91/A8Bjx10SNezHPUFHjasjlHXOkyA==",
      "requires": {
        "@sentry/hub": "5.12.0",
        "@sentry/types": "5.12.0",
        "tslib": "^1.9.3"
      }
    },
    "@sentry/types": {
      "version": "5.12.0",
      "resolved": "https://registry.npmjs.org/@sentry/types/-/types-5.12.0.tgz",
      "integrity": "sha512-aZbBouBLrKB8wXlztriIagZNmsB+wegk1Jkl6eprqRW/w24Sl/47tiwH8c5S4jYTxdAiJk+SAR10AAuYmIN3zg=="
    },
    "@sentry/utils": {
      "version": "5.12.0",
      "resolved": "https://registry.npmjs.org/@sentry/utils/-/utils-5.12.0.tgz",
      "integrity": "sha512-fYUadGLbfTCbs4OG5hKCOtv2jrNE4/8LHNABy9DwNJ/t5DVtGqWAZBnxsC+FG6a3nVqCpxjFI9AHlYsJ2wsf7Q==",
      "requires": {
        "@sentry/types": "5.12.0",
        "tslib": "^1.9.3"
      }
    },
    "tslib": {
      "version": "1.10.0",
      "resolved": "https://registry.npmjs.org/tslib/-/tslib-1.10.0.tgz",
      "integrity": "sha512-qOebF53frne81cf0S9B41ByenJ3/IuH8yJKngAX35CmiZySA0khhkovshKK+jGCaMnVomla7gVlIcc3EvKPbTQ=="
    }
  }
}
